
Microsoft Visual Studio Solution File, Format Version 12.00
# Visual Studio Version 17
VisualStudioVersion = 17.3.32811.315
MinimumVisualStudioVersion = 10.0.40219.1
Project("{9A19103F-16F7-4668-BE54-9A1E7A4F7556}") = "Hubtel.Wallets.Api", "Hubtel.Wallets.Api\Hubtel.Wallets.Api.csproj", "{CBB07E7F-0763-4FFB-97BE-ABD6B5D00492}"
EndProject
Project("{FAE04EC0-301F-11D3-BF4B-00C04F79EFBC}") = "Hubtel.Wallets.Application", "Hubtel.Wallets.Application\Hubtel.Wallets.Application.csproj", "{33DDCE3B-66C7-4B33-ADDA-FF2A5A772827}"
EndProject
Project("{FAE04EC0-301F-11D3-BF4B-00C04F79EFBC}") = "Hubtel.Wallets.Domain", "Hubtel.Wallets.Domain\Hubtel.Wallets.Domain.csproj", "{F127120A-82FE-4492-AAF7-834DA16893D9}"
EndProject
Project("{FAE04EC0-301F-11D3-BF4B-00C04F79EFBC}") = "Hubtel.Wallets.Persistence", "Hubtel.Wallets.Persistence\Hubtel.Wallets.Persistence.csproj", "{8FE1BF50-D229-44BC-8997-C18A79A128E7}"
EndProject
Project("{FAE04EC0-301F-11D3-BF4B-00C04F79EFBC}") = "Hubtel.Wallets.Infrastructure", "Hubtel.Wallets.Infrastructure\Hubtel.Wallets.Infrastructure.csproj", "{3D5AA878-DC31-4FD5-A124-80E6DE569D14}"
EndProject
Global
	GlobalSection(SolutionConfigurationPlatforms) = preSolution
		Debug|Any CPU = Debug|Any CPU
		Release|Any CPU = Release|Any CPU
	EndGlobalSection
	GlobalSection(ProjectConfigurationPlatforms) = postSolution
		{CBB07E7F-0763-4FFB-97BE-ABD6B5D00492}.Debug|Any CPU.ActiveCfg = Debug|Any CPU
		{CBB07E7F-0763-4FFB-97BE-ABD6B5D00492}.Debug|Any CPU.Build.0 = Debug|Any CPU
		{CBB07E7F-0763-4FFB-97BE-ABD6B5D00492}.Release|Any CPU.ActiveCfg = Release|Any CPU
		{CBB07E7F-0763-4FFB-97BE-ABD6B5D00492}.Release|Any CPU.Build.0 = Release|Any CPU
		{33DDCE3B-66C7-4B33-ADDA-FF2A5A772827}.Debug|Any CPU.ActiveCfg = Debug|Any CPU
		{33DDCE3B-66C7-4B33-ADDA-FF2A5A772827}.Debug|Any CPU.Build.0 = Debug|Any CPU
		{33DDCE3B-66C7-4B33-ADDA-FF2A5A772827}.Release|Any CPU.ActiveCfg = Release|Any CPU
		{33DDCE3B-66C7-4B33-ADDA-FF2A5A772827}.Release|Any CPU.Build.0 = Release|Any CPU
		{F127120A-82FE-4492-AAF7-834DA16893D9}.Debug|Any CPU.ActiveCfg = Debug|Any CPU
		{F127120A-82FE-4492-AAF7-834DA16893D9}.Debug|Any CPU.Build.0 = Debug|Any CPU
		{F127120A-82FE-4492-AAF7-834DA16893D9}.Release|Any CPU.ActiveCfg = Release|Any CPU
		{F127120A-82FE-4492-AAF7-834DA16893D9}.Release|Any CPU.Build.0 = Release|Any CPU
		{8FE1BF50-D229-44BC-8997-C18A79A128E7}.Debug|Any CPU.ActiveCfg = Debug|Any CPU
		{8FE1BF50-D229-44BC-8997-C18A79A128E7}.Debug|Any CPU.Build.0 = Debug|Any CPU
		{8FE1BF50-D229-44BC-8997-C18A79A128E7}.Release|Any CPU.ActiveCfg = Release|Any CPU
		{8FE1BF50-D229-44BC-8997-C18A79A128E7}.Release|Any CPU.Build.0 = Release|Any CPU
		{3D5AA878-DC31-4FD5-A124-80E6DE569D14}.Debug|Any CPU.ActiveCfg = Debug|Any CPU
		{3D5AA878-DC31-4FD5-A124-80E6DE569D14}.Debug|Any CPU.Build.0 = Debug|Any CPU
		{3D5AA878-DC31-4FD5-A124-80E6DE569D14}.Release|Any CPU.ActiveCfg = Release|Any CPU
		{3D5AA878-DC31-4FD5-A124-80E6DE569D14}.Release|Any CPU.Build.0 = Release|Any CPU
	EndGlobalSection
	GlobalSection(SolutionProperties) = preSolution
		HideSolutionNode = FALSE
	EndGlobalSection
	GlobalSection(ExtensibilityGlobals) = postSolution
		SolutionGuid = {571EEFF0-923C-4A8B-9F2A-F91A136F605A}
	EndGlobalSection
EndGlobal
